
Microsoft Visual Studio Solution File, Format Version 12.00
# Visual Studio Version 17
VisualStudioVersion = 17.8.34511.84
MinimumVisualStudioVersion = 10.0.40219.1
Project("{9A19103F-16F7-4668-BE54-9A1E7A4F7556}") = "DesignPatterns", "DesignPatterns\DesignPatterns.csproj", "{11207DE7-3E73-472B-9DAA-8E181857E7B4}"
EndProject
Project("{FAE04EC0-301F-11D3-BF4B-00C04F79EFBC}") = "AbstractFactory", "AbstractFactory\AbstractFactory.csproj", "{BB379CE2-966C-4397-AB33-82E12C6854BA}"
EndProject
Global
	GlobalSection(SolutionConfigurationPlatforms) = preSolution
		Debug|Any CPU = Debug|Any CPU
		Release|Any CPU = Release|Any CPU
	EndGlobalSection
	GlobalSection(ProjectConfigurationPlatforms) = postSolution
		{11207DE7-3E73-472B-9DAA-8E181857E7B4}.Debug|Any CPU.ActiveCfg = Debug|Any CPU
		{11207DE7-3E73-472B-9DAA-8E181857E7B4}.Debug|Any CPU.Build.0 = Debug|Any CPU
		{11207DE7-3E73-472B-9DAA-8E181857E7B4}.Release|Any CPU.ActiveCfg = Release|Any CPU
		{11207DE7-3E73-472B-9DAA-8E181857E7B4}.Release|Any CPU.Build.0 = Release|Any CPU
		{BB379CE2-966C-4397-AB33-82E12C6854BA}.Debug|Any CPU.ActiveCfg = Debug|Any CPU
		{BB379CE2-966C-4397-AB33-82E12C6854BA}.Debug|Any CPU.Build.0 = Debug|Any CPU
		{BB379CE2-966C-4397-AB33-82E12C6854BA}.Release|Any CPU.ActiveCfg = Release|Any CPU
		{BB379CE2-966C-4397-AB33-82E12C6854BA}.Release|Any CPU.Build.0 = Release|Any CPU
	EndGlobalSection
	GlobalSection(SolutionProperties) = preSolution
		HideSolutionNode = FALSE
	EndGlobalSection
	GlobalSection(ExtensibilityGlobals) = postSolution
		SolutionGuid = {C0A68222-F315-4992-B43E-74BF4A0C4CAC}
	EndGlobalSection
EndGlobal
